
Microsoft Visual Studio Solution File, Format Version 12.00
# Visual Studio 15
VisualStudioVersion = 15.0.26124.0
MinimumVisualStudioVersion = 15.0.26124.0
Project("{2150E333-8FDC-42A3-9474-1A3956D46DE8}") = "src", "src", "{D16813F3-DCA6-4C41-9380-2B40992411F8}"
EndProject
Project("{2150E333-8FDC-42A3-9474-1A3956D46DE8}") = "Services", "Services", "{4C65BD31-6DD1-4508-A195-482C833376A2}"
EndProject
Project("{2150E333-8FDC-42A3-9474-1A3956D46DE8}") = "Identity", "Identity", "{A36D8ADC-8533-42B4-AD3C-F90CD267745A}"
EndProject
Project("{F2A71F9B-5D33-465A-A702-920D77279786}") = "Identity.Api", "src\Services\Identity\Identity.Api\Identity.Api.fsproj", "{CE50B061-D161-48A8-9758-2970D0BA4836}"
EndProject
Project("{2150E333-8FDC-42A3-9474-1A3956D46DE8}") = "Web", "Web", "{C1768533-3E69-4BF6-9F34-0E3461BB055B}"
EndProject
Project("{F2A71F9B-5D33-465A-A702-920D77279786}") = "WebSPA", "src\Web\WebSPA\WebSPA.fsproj", "{AAD66378-79C1-4550-AFFA-F90AD15B0A8D}"
EndProject
Project("{2150E333-8FDC-42A3-9474-1A3956D46DE8}") = "Catalog", "Catalog", "{E05D36D1-B76D-478A-8303-4A895C0A24E8}"
EndProject
Project("{F2A71F9B-5D33-465A-A702-920D77279786}") = "Catalog.Api", "src\Services\Catalog\Catalog.Api\Catalog.Api.fsproj", "{CB1CA01D-E62E-4425-AA54-883C8B251EB3}"
EndProject
Project("{2150E333-8FDC-42A3-9474-1A3956D46DE8}") = "Infrastructure", "Infrastructure", "{12ED8FEE-114F-4EBB-9812-CAEB72D375EF}"
EndProject
Project("{F2A71F9B-5D33-465A-A702-920D77279786}") = "Common", "src\Infrastructure\Common\Common.fsproj", "{72A1B1F2-F5DE-42F5-BAD7-F18C6E3507B8}"
EndProject
Project("{F2A71F9B-5D33-465A-A702-920D77279786}") = "Catalog.Domain", "src\Services\Catalog\Catalog.Domain\Catalog.Domain.fsproj", "{BBEE61E0-3EE1-45FF-AF2B-77CEFC7B20BE}"
EndProject
Project("{F2A71F9B-5D33-465A-A702-920D77279786}") = "Catalog.Import", "src\Services\Catalog\Catalog.Import\Catalog.Import.fsproj", "{F54D8D71-2ABE-4FF5-9CB2-A82A8C8C2A92}"
EndProject
Project("{F2A71F9B-5D33-465A-A702-920D77279786}") = "Catalog.UnitTests", "src\Services\Catalog\Catalog.UnitTests\Catalog.UnitTests.fsproj", "{7774778E-89CC-48D0-9C32-74A3CEC150F1}"
EndProject
Project("{F2A71F9B-5D33-465A-A702-920D77279786}") = "Messages", "src\Infrastructure\Messages\Messages.fsproj", "{427189F7-82F6-464E-9519-39A12DFDB64D}"
EndProject
Project("{2150E333-8FDC-42A3-9474-1A3956D46DE8}") = "Basket", "Basket", "{2351F178-E9D4-4D5A-ABA0-C9E2CD4F5E35}"
EndProject
Project("{F2A71F9B-5D33-465A-A702-920D77279786}") = "Basket.Api", "src\Services\Basket\Basket.Api\Basket.Api.fsproj", "{7FC5FCCC-84FD-4FBD-ACAB-7107987FD778}"
EndProject
Project("{F2A71F9B-5D33-465A-A702-920D77279786}") = "Basket.Domain", "src\Services\Basket\Basket.Domain\Basket.Domain.fsproj", "{BCA32BF1-BE17-4E70-AB6E-298F1906ABF1}"
EndProject
Project("{F2A71F9B-5D33-465A-A702-920D77279786}") = "Catalog.FuntionalTests", "src\Services\Catalog\Catalog.FuntionalTests\Catalog.FuntionalTests.fsproj", "{796C87FF-DF99-4A83-8131-2D8957BE8EDE}"
EndProject
Project("{2150E333-8FDC-42A3-9474-1A3956D46DE8}") = "Health", "Health", "{C45DC010-264A-4AA0-A838-E47DF62F59C0}"
EndProject
Project("{F2A71F9B-5D33-465A-A702-920D77279786}") = "Health.App", "src\Services\Health\Health.App\Health.App.fsproj", "{177D5922-8271-4D1F-953C-A4704E6BE92F}"
EndProject
Global
	GlobalSection(SolutionConfigurationPlatforms) = preSolution
		Debug|Any CPU = Debug|Any CPU
		Debug|x64 = Debug|x64
		Debug|x86 = Debug|x86
		Release|Any CPU = Release|Any CPU
		Release|x64 = Release|x64
		Release|x86 = Release|x86
	EndGlobalSection
	GlobalSection(SolutionProperties) = preSolution
		HideSolutionNode = FALSE
	EndGlobalSection
	GlobalSection(ProjectConfigurationPlatforms) = postSolution
		{CE50B061-D161-48A8-9758-2970D0BA4836}.Debug|Any CPU.ActiveCfg = Debug|Any CPU
		{CE50B061-D161-48A8-9758-2970D0BA4836}.Debug|Any CPU.Build.0 = Debug|Any CPU
		{CE50B061-D161-48A8-9758-2970D0BA4836}.Debug|x64.ActiveCfg = Debug|Any CPU
		{CE50B061-D161-48A8-9758-2970D0BA4836}.Debug|x64.Build.0 = Debug|Any CPU
		{CE50B061-D161-48A8-9758-2970D0BA4836}.Debug|x86.ActiveCfg = Debug|Any CPU
		{CE50B061-D161-48A8-9758-2970D0BA4836}.Debug|x86.Build.0 = Debug|Any CPU
		{CE50B061-D161-48A8-9758-2970D0BA4836}.Release|Any CPU.ActiveCfg = Release|Any CPU
		{CE50B061-D161-48A8-9758-2970D0BA4836}.Release|Any CPU.Build.0 = Release|Any CPU
		{CE50B061-D161-48A8-9758-2970D0BA4836}.Release|x64.ActiveCfg = Release|Any CPU
		{CE50B061-D161-48A8-9758-2970D0BA4836}.Release|x64.Build.0 = Release|Any CPU
		{CE50B061-D161-48A8-9758-2970D0BA4836}.Release|x86.ActiveCfg = Release|Any CPU
		{CE50B061-D161-48A8-9758-2970D0BA4836}.Release|x86.Build.0 = Release|Any CPU
		{AAD66378-79C1-4550-AFFA-F90AD15B0A8D}.Debug|Any CPU.ActiveCfg = Debug|Any CPU
		{AAD66378-79C1-4550-AFFA-F90AD15B0A8D}.Debug|Any CPU.Build.0 = Debug|Any CPU
		{AAD66378-79C1-4550-AFFA-F90AD15B0A8D}.Debug|x64.ActiveCfg = Debug|Any CPU
		{AAD66378-79C1-4550-AFFA-F90AD15B0A8D}.Debug|x64.Build.0 = Debug|Any CPU
		{AAD66378-79C1-4550-AFFA-F90AD15B0A8D}.Debug|x86.ActiveCfg = Debug|Any CPU
		{AAD66378-79C1-4550-AFFA-F90AD15B0A8D}.Debug|x86.Build.0 = Debug|Any CPU
		{AAD66378-79C1-4550-AFFA-F90AD15B0A8D}.Release|Any CPU.ActiveCfg = Release|Any CPU
		{AAD66378-79C1-4550-AFFA-F90AD15B0A8D}.Release|Any CPU.Build.0 = Release|Any CPU
		{AAD66378-79C1-4550-AFFA-F90AD15B0A8D}.Release|x64.ActiveCfg = Release|Any CPU
		{AAD66378-79C1-4550-AFFA-F90AD15B0A8D}.Release|x64.Build.0 = Release|Any CPU
		{AAD66378-79C1-4550-AFFA-F90AD15B0A8D}.Release|x86.ActiveCfg = Release|Any CPU
		{AAD66378-79C1-4550-AFFA-F90AD15B0A8D}.Release|x86.Build.0 = Release|Any CPU
		{CB1CA01D-E62E-4425-AA54-883C8B251EB3}.Debug|Any CPU.ActiveCfg = Debug|Any CPU
		{CB1CA01D-E62E-4425-AA54-883C8B251EB3}.Debug|Any CPU.Build.0 = Debug|Any CPU
		{CB1CA01D-E62E-4425-AA54-883C8B251EB3}.Debug|x64.ActiveCfg = Debug|Any CPU
		{CB1CA01D-E62E-4425-AA54-883C8B251EB3}.Debug|x64.Build.0 = Debug|Any CPU
		{CB1CA01D-E62E-4425-AA54-883C8B251EB3}.Debug|x86.ActiveCfg = Debug|Any CPU
		{CB1CA01D-E62E-4425-AA54-883C8B251EB3}.Debug|x86.Build.0 = Debug|Any CPU
		{CB1CA01D-E62E-4425-AA54-883C8B251EB3}.Release|Any CPU.ActiveCfg = Release|Any CPU
		{CB1CA01D-E62E-4425-AA54-883C8B251EB3}.Release|Any CPU.Build.0 = Release|Any CPU
		{CB1CA01D-E62E-4425-AA54-883C8B251EB3}.Release|x64.ActiveCfg = Release|Any CPU
		{CB1CA01D-E62E-4425-AA54-883C8B251EB3}.Release|x64.Build.0 = Release|Any CPU
		{CB1CA01D-E62E-4425-AA54-883C8B251EB3}.Release|x86.ActiveCfg = Release|Any CPU
		{CB1CA01D-E62E-4425-AA54-883C8B251EB3}.Release|x86.Build.0 = Release|Any CPU
		{72A1B1F2-F5DE-42F5-BAD7-F18C6E3507B8}.Debug|Any CPU.ActiveCfg = Debug|Any CPU
		{72A1B1F2-F5DE-42F5-BAD7-F18C6E3507B8}.Debug|Any CPU.Build.0 = Debug|Any CPU
		{72A1B1F2-F5DE-42F5-BAD7-F18C6E3507B8}.Debug|x64.ActiveCfg = Debug|Any CPU
		{72A1B1F2-F5DE-42F5-BAD7-F18C6E3507B8}.Debug|x64.Build.0 = Debug|Any CPU
		{72A1B1F2-F5DE-42F5-BAD7-F18C6E3507B8}.Debug|x86.ActiveCfg = Debug|Any CPU
		{72A1B1F2-F5DE-42F5-BAD7-F18C6E3507B8}.Debug|x86.Build.0 = Debug|Any CPU
		{72A1B1F2-F5DE-42F5-BAD7-F18C6E3507B8}.Release|Any CPU.ActiveCfg = Release|Any CPU
		{72A1B1F2-F5DE-42F5-BAD7-F18C6E3507B8}.Release|Any CPU.Build.0 = Release|Any CPU
		{72A1B1F2-F5DE-42F5-BAD7-F18C6E3507B8}.Release|x64.ActiveCfg = Release|Any CPU
		{72A1B1F2-F5DE-42F5-BAD7-F18C6E3507B8}.Release|x64.Build.0 = Release|Any CPU
		{72A1B1F2-F5DE-42F5-BAD7-F18C6E3507B8}.Release|x86.ActiveCfg = Release|Any CPU
		{72A1B1F2-F5DE-42F5-BAD7-F18C6E3507B8}.Release|x86.Build.0 = Release|Any CPU
		{BBEE61E0-3EE1-45FF-AF2B-77CEFC7B20BE}.Debug|Any CPU.ActiveCfg = Debug|Any CPU
		{BBEE61E0-3EE1-45FF-AF2B-77CEFC7B20BE}.Debug|Any CPU.Build.0 = Debug|Any CPU
		{BBEE61E0-3EE1-45FF-AF2B-77CEFC7B20BE}.Debug|x64.ActiveCfg = Debug|Any CPU
		{BBEE61E0-3EE1-45FF-AF2B-77CEFC7B20BE}.Debug|x64.Build.0 = Debug|Any CPU
		{BBEE61E0-3EE1-45FF-AF2B-77CEFC7B20BE}.Debug|x86.ActiveCfg = Debug|Any CPU
		{BBEE61E0-3EE1-45FF-AF2B-77CEFC7B20BE}.Debug|x86.Build.0 = Debug|Any CPU
		{BBEE61E0-3EE1-45FF-AF2B-77CEFC7B20BE}.Release|Any CPU.ActiveCfg = Release|Any CPU
		{BBEE61E0-3EE1-45FF-AF2B-77CEFC7B20BE}.Release|Any CPU.Build.0 = Release|Any CPU
		{BBEE61E0-3EE1-45FF-AF2B-77CEFC7B20BE}.Release|x64.ActiveCfg = Release|Any CPU
		{BBEE61E0-3EE1-45FF-AF2B-77CEFC7B20BE}.Release|x64.Build.0 = Release|Any CPU
		{BBEE61E0-3EE1-45FF-AF2B-77CEFC7B20BE}.Release|x86.ActiveCfg = Release|Any CPU
		{BBEE61E0-3EE1-45FF-AF2B-77CEFC7B20BE}.Release|x86.Build.0 = Release|Any CPU
		{F54D8D71-2ABE-4FF5-9CB2-A82A8C8C2A92}.Debug|Any CPU.ActiveCfg = Debug|Any CPU
		{F54D8D71-2ABE-4FF5-9CB2-A82A8C8C2A92}.Debug|Any CPU.Build.0 = Debug|Any CPU
		{F54D8D71-2ABE-4FF5-9CB2-A82A8C8C2A92}.Debug|x64.ActiveCfg = Debug|Any CPU
		{F54D8D71-2ABE-4FF5-9CB2-A82A8C8C2A92}.Debug|x64.Build.0 = Debug|Any CPU
		{F54D8D71-2ABE-4FF5-9CB2-A82A8C8C2A92}.Debug|x86.ActiveCfg = Debug|Any CPU
		{F54D8D71-2ABE-4FF5-9CB2-A82A8C8C2A92}.Debug|x86.Build.0 = Debug|Any CPU
		{F54D8D71-2ABE-4FF5-9CB2-A82A8C8C2A92}.Release|Any CPU.ActiveCfg = Release|Any CPU
		{F54D8D71-2ABE-4FF5-9CB2-A82A8C8C2A92}.Release|Any CPU.Build.0 = Release|Any CPU
		{F54D8D71-2ABE-4FF5-9CB2-A82A8C8C2A92}.Release|x64.ActiveCfg = Release|Any CPU
		{F54D8D71-2ABE-4FF5-9CB2-A82A8C8C2A92}.Release|x64.Build.0 = Release|Any CPU
		{F54D8D71-2ABE-4FF5-9CB2-A82A8C8C2A92}.Release|x86.ActiveCfg = Release|Any CPU
		{F54D8D71-2ABE-4FF5-9CB2-A82A8C8C2A92}.Release|x86.Build.0 = Release|Any CPU
		{7774778E-89CC-48D0-9C32-74A3CEC150F1}.Debug|Any CPU.ActiveCfg = Debug|Any CPU
		{7774778E-89CC-48D0-9C32-74A3CEC150F1}.Debug|Any CPU.Build.0 = Debug|Any CPU
		{7774778E-89CC-48D0-9C32-74A3CEC150F1}.Debug|x64.ActiveCfg = Debug|Any CPU
		{7774778E-89CC-48D0-9C32-74A3CEC150F1}.Debug|x64.Build.0 = Debug|Any CPU
		{7774778E-89CC-48D0-9C32-74A3CEC150F1}.Debug|x86.ActiveCfg = Debug|Any CPU
		{7774778E-89CC-48D0-9C32-74A3CEC150F1}.Debug|x86.Build.0 = Debug|Any CPU
		{7774778E-89CC-48D0-9C32-74A3CEC150F1}.Release|Any CPU.ActiveCfg = Release|Any CPU
		{7774778E-89CC-48D0-9C32-74A3CEC150F1}.Release|Any CPU.Build.0 = Release|Any CPU
		{7774778E-89CC-48D0-9C32-74A3CEC150F1}.Release|x64.ActiveCfg = Release|Any CPU
		{7774778E-89CC-48D0-9C32-74A3CEC150F1}.Release|x64.Build.0 = Release|Any CPU
		{7774778E-89CC-48D0-9C32-74A3CEC150F1}.Release|x86.ActiveCfg = Release|Any CPU
		{7774778E-89CC-48D0-9C32-74A3CEC150F1}.Release|x86.Build.0 = Release|Any CPU
		{427189F7-82F6-464E-9519-39A12DFDB64D}.Debug|Any CPU.ActiveCfg = Debug|Any CPU
		{427189F7-82F6-464E-9519-39A12DFDB64D}.Debug|Any CPU.Build.0 = Debug|Any CPU
		{427189F7-82F6-464E-9519-39A12DFDB64D}.Debug|x64.ActiveCfg = Debug|Any CPU
		{427189F7-82F6-464E-9519-39A12DFDB64D}.Debug|x64.Build.0 = Debug|Any CPU
		{427189F7-82F6-464E-9519-39A12DFDB64D}.Debug|x86.ActiveCfg = Debug|Any CPU
		{427189F7-82F6-464E-9519-39A12DFDB64D}.Debug|x86.Build.0 = Debug|Any CPU
		{427189F7-82F6-464E-9519-39A12DFDB64D}.Release|Any CPU.ActiveCfg = Release|Any CPU
		{427189F7-82F6-464E-9519-39A12DFDB64D}.Release|Any CPU.Build.0 = Release|Any CPU
		{427189F7-82F6-464E-9519-39A12DFDB64D}.Release|x64.ActiveCfg = Release|Any CPU
		{427189F7-82F6-464E-9519-39A12DFDB64D}.Release|x64.Build.0 = Release|Any CPU
		{427189F7-82F6-464E-9519-39A12DFDB64D}.Release|x86.ActiveCfg = Release|Any CPU
		{427189F7-82F6-464E-9519-39A12DFDB64D}.Release|x86.Build.0 = Release|Any CPU
		{7FC5FCCC-84FD-4FBD-ACAB-7107987FD778}.Debug|Any CPU.ActiveCfg = Debug|Any CPU
		{7FC5FCCC-84FD-4FBD-ACAB-7107987FD778}.Debug|Any CPU.Build.0 = Debug|Any CPU
		{7FC5FCCC-84FD-4FBD-ACAB-7107987FD778}.Debug|x64.ActiveCfg = Debug|Any CPU
		{7FC5FCCC-84FD-4FBD-ACAB-7107987FD778}.Debug|x64.Build.0 = Debug|Any CPU
		{7FC5FCCC-84FD-4FBD-ACAB-7107987FD778}.Debug|x86.ActiveCfg = Debug|Any CPU
		{7FC5FCCC-84FD-4FBD-ACAB-7107987FD778}.Debug|x86.Build.0 = Debug|Any CPU
		{7FC5FCCC-84FD-4FBD-ACAB-7107987FD778}.Release|Any CPU.ActiveCfg = Release|Any CPU
		{7FC5FCCC-84FD-4FBD-ACAB-7107987FD778}.Release|Any CPU.Build.0 = Release|Any CPU
		{7FC5FCCC-84FD-4FBD-ACAB-7107987FD778}.Release|x64.ActiveCfg = Release|Any CPU
		{7FC5FCCC-84FD-4FBD-ACAB-7107987FD778}.Release|x64.Build.0 = Release|Any CPU
		{7FC5FCCC-84FD-4FBD-ACAB-7107987FD778}.Release|x86.ActiveCfg = Release|Any CPU
		{7FC5FCCC-84FD-4FBD-ACAB-7107987FD778}.Release|x86.Build.0 = Release|Any CPU
		{BCA32BF1-BE17-4E70-AB6E-298F1906ABF1}.Debug|Any CPU.ActiveCfg = Debug|Any CPU
		{BCA32BF1-BE17-4E70-AB6E-298F1906ABF1}.Debug|Any CPU.Build.0 = Debug|Any CPU
		{BCA32BF1-BE17-4E70-AB6E-298F1906ABF1}.Debug|x64.ActiveCfg = Debug|Any CPU
		{BCA32BF1-BE17-4E70-AB6E-298F1906ABF1}.Debug|x64.Build.0 = Debug|Any CPU
		{BCA32BF1-BE17-4E70-AB6E-298F1906ABF1}.Debug|x86.ActiveCfg = Debug|Any CPU
		{BCA32BF1-BE17-4E70-AB6E-298F1906ABF1}.Debug|x86.Build.0 = Debug|Any CPU
		{BCA32BF1-BE17-4E70-AB6E-298F1906ABF1}.Release|Any CPU.ActiveCfg = Release|Any CPU
		{BCA32BF1-BE17-4E70-AB6E-298F1906ABF1}.Release|Any CPU.Build.0 = Release|Any CPU
		{BCA32BF1-BE17-4E70-AB6E-298F1906ABF1}.Release|x64.ActiveCfg = Release|Any CPU
		{BCA32BF1-BE17-4E70-AB6E-298F1906ABF1}.Release|x64.Build.0 = Release|Any CPU
		{BCA32BF1-BE17-4E70-AB6E-298F1906ABF1}.Release|x86.ActiveCfg = Release|Any CPU
		{BCA32BF1-BE17-4E70-AB6E-298F1906ABF1}.Release|x86.Build.0 = Release|Any CPU
		{796C87FF-DF99-4A83-8131-2D8957BE8EDE}.Debug|Any CPU.ActiveCfg = Debug|Any CPU
		{796C87FF-DF99-4A83-8131-2D8957BE8EDE}.Debug|Any CPU.Build.0 = Debug|Any CPU
		{796C87FF-DF99-4A83-8131-2D8957BE8EDE}.Debug|x64.ActiveCfg = Debug|Any CPU
		{796C87FF-DF99-4A83-8131-2D8957BE8EDE}.Debug|x64.Build.0 = Debug|Any CPU
		{796C87FF-DF99-4A83-8131-2D8957BE8EDE}.Debug|x86.ActiveCfg = Debug|Any CPU
		{796C87FF-DF99-4A83-8131-2D8957BE8EDE}.Debug|x86.Build.0 = Debug|Any CPU
		{796C87FF-DF99-4A83-8131-2D8957BE8EDE}.Release|Any CPU.ActiveCfg = Release|Any CPU
		{796C87FF-DF99-4A83-8131-2D8957BE8EDE}.Release|Any CPU.Build.0 = Release|Any CPU
		{796C87FF-DF99-4A83-8131-2D8957BE8EDE}.Release|x64.ActiveCfg = Release|Any CPU
		{796C87FF-DF99-4A83-8131-2D8957BE8EDE}.Release|x64.Build.0 = Release|Any CPU
		{796C87FF-DF99-4A83-8131-2D8957BE8EDE}.Release|x86.ActiveCfg = Release|Any CPU
		{796C87FF-DF99-4A83-8131-2D8957BE8EDE}.Release|x86.Build.0 = Release|Any CPU
		{177D5922-8271-4D1F-953C-A4704E6BE92F}.Debug|Any CPU.ActiveCfg = Debug|Any CPU
		{177D5922-8271-4D1F-953C-A4704E6BE92F}.Debug|Any CPU.Build.0 = Debug|Any CPU
		{177D5922-8271-4D1F-953C-A4704E6BE92F}.Debug|x64.ActiveCfg = Debug|Any CPU
		{177D5922-8271-4D1F-953C-A4704E6BE92F}.Debug|x64.Build.0 = Debug|Any CPU
		{177D5922-8271-4D1F-953C-A4704E6BE92F}.Debug|x86.ActiveCfg = Debug|Any CPU
		{177D5922-8271-4D1F-953C-A4704E6BE92F}.Debug|x86.Build.0 = Debug|Any CPU
		{177D5922-8271-4D1F-953C-A4704E6BE92F}.Release|Any CPU.ActiveCfg = Release|Any CPU
		{177D5922-8271-4D1F-953C-A4704E6BE92F}.Release|Any CPU.Build.0 = Release|Any CPU
		{177D5922-8271-4D1F-953C-A4704E6BE92F}.Release|x64.ActiveCfg = Release|Any CPU
		{177D5922-8271-4D1F-953C-A4704E6BE92F}.Release|x64.Build.0 = Release|Any CPU
		{177D5922-8271-4D1F-953C-A4704E6BE92F}.Release|x86.ActiveCfg = Release|Any CPU
		{177D5922-8271-4D1F-953C-A4704E6BE92F}.Release|x86.Build.0 = Release|Any CPU
	EndGlobalSection
	GlobalSection(NestedProjects) = preSolution
		{4C65BD31-6DD1-4508-A195-482C833376A2} = {D16813F3-DCA6-4C41-9380-2B40992411F8}
		{A36D8ADC-8533-42B4-AD3C-F90CD267745A} = {4C65BD31-6DD1-4508-A195-482C833376A2}
		{CE50B061-D161-48A8-9758-2970D0BA4836} = {A36D8ADC-8533-42B4-AD3C-F90CD267745A}
		{C1768533-3E69-4BF6-9F34-0E3461BB055B} = {D16813F3-DCA6-4C41-9380-2B40992411F8}
		{AAD66378-79C1-4550-AFFA-F90AD15B0A8D} = {C1768533-3E69-4BF6-9F34-0E3461BB055B}
		{E05D36D1-B76D-478A-8303-4A895C0A24E8} = {4C65BD31-6DD1-4508-A195-482C833376A2}
		{CB1CA01D-E62E-4425-AA54-883C8B251EB3} = {E05D36D1-B76D-478A-8303-4A895C0A24E8}
		{12ED8FEE-114F-4EBB-9812-CAEB72D375EF} = {D16813F3-DCA6-4C41-9380-2B40992411F8}
		{72A1B1F2-F5DE-42F5-BAD7-F18C6E3507B8} = {12ED8FEE-114F-4EBB-9812-CAEB72D375EF}
		{BBEE61E0-3EE1-45FF-AF2B-77CEFC7B20BE} = {E05D36D1-B76D-478A-8303-4A895C0A24E8}
		{F54D8D71-2ABE-4FF5-9CB2-A82A8C8C2A92} = {E05D36D1-B76D-478A-8303-4A895C0A24E8}
		{7774778E-89CC-48D0-9C32-74A3CEC150F1} = {E05D36D1-B76D-478A-8303-4A895C0A24E8}
		{427189F7-82F6-464E-9519-39A12DFDB64D} = {12ED8FEE-114F-4EBB-9812-CAEB72D375EF}
		{2351F178-E9D4-4D5A-ABA0-C9E2CD4F5E35} = {4C65BD31-6DD1-4508-A195-482C833376A2}
		{7FC5FCCC-84FD-4FBD-ACAB-7107987FD778} = {2351F178-E9D4-4D5A-ABA0-C9E2CD4F5E35}
		{BCA32BF1-BE17-4E70-AB6E-298F1906ABF1} = {2351F178-E9D4-4D5A-ABA0-C9E2CD4F5E35}
		{796C87FF-DF99-4A83-8131-2D8957BE8EDE} = {E05D36D1-B76D-478A-8303-4A895C0A24E8}
		{C45DC010-264A-4AA0-A838-E47DF62F59C0} = {4C65BD31-6DD1-4508-A195-482C833376A2}
		{177D5922-8271-4D1F-953C-A4704E6BE92F} = {C45DC010-264A-4AA0-A838-E47DF62F59C0}
	EndGlobalSection
EndGlobal
