
Microsoft Visual Studio Solution File, Format Version 12.00
# Visual Studio 15
VisualStudioVersion = 15.0.26124.0
MinimumVisualStudioVersion = 15.0.26124.0
Project("{2150E333-8FDC-42A3-9474-1A3956D46DE8}") = "src", "src", "{D16813F3-DCA6-4C41-9380-2B40992411F8}"
EndProject
Project("{2150E333-8FDC-42A3-9474-1A3956D46DE8}") = "Services", "Services", "{4C65BD31-6DD1-4508-A195-482C833376A2}"
EndProject
Project("{2150E333-8FDC-42A3-9474-1A3956D46DE8}") = "Identity", "Identity", "{A36D8ADC-8533-42B4-AD3C-F90CD267745A}"
EndProject
Project("{F2A71F9B-5D33-465A-A702-920D77279786}") = "Identity.Api", "src\Services\Identity\Identity.Api\Identity.Api.fsproj", "{CE50B061-D161-48A8-9758-2970D0BA4836}"
EndProject
Project("{2150E333-8FDC-42A3-9474-1A3956D46DE8}") = "Web", "Web", "{C1768533-3E69-4BF6-9F34-0E3461BB055B}"
EndProject
Project("{F2A71F9B-5D33-465A-A702-920D77279786}") = "WebSPA", "src\Web\WebSPA\WebSPA.fsproj", "{AAD66378-79C1-4550-AFFA-F90AD15B0A8D}"
EndProject
Project("{2150E333-8FDC-42A3-9474-1A3956D46DE8}") = "Catalog", "Catalog", "{E05D36D1-B76D-478A-8303-4A895C0A24E8}"
EndProject
Project("{F2A71F9B-5D33-465A-A702-920D77279786}") = "Catalog.Api", "src\Services\Catalog\Catalog.Api\Catalog.Api.fsproj", "{CB1CA01D-E62E-4425-AA54-883C8B251EB3}"
EndProject
Project("{2150E333-8FDC-42A3-9474-1A3956D46DE8}") = "Infrastructure", "Infrastructure", "{12ED8FEE-114F-4EBB-9812-CAEB72D375EF}"
EndProject
Project("{F2A71F9B-5D33-465A-A702-920D77279786}") = "Common", "src\Infrastructure\Common\Common.fsproj", "{72A1B1F2-F5DE-42F5-BAD7-F18C6E3507B8}"
EndProject
Global
	GlobalSection(SolutionConfigurationPlatforms) = preSolution
		Debug|Any CPU = Debug|Any CPU
		Debug|x64 = Debug|x64
		Debug|x86 = Debug|x86
		Release|Any CPU = Release|Any CPU
		Release|x64 = Release|x64
		Release|x86 = Release|x86
	EndGlobalSection
	GlobalSection(SolutionProperties) = preSolution
		HideSolutionNode = FALSE
	EndGlobalSection
	GlobalSection(ProjectConfigurationPlatforms) = postSolution
		{CE50B061-D161-48A8-9758-2970D0BA4836}.Debug|Any CPU.ActiveCfg = Debug|Any CPU
		{CE50B061-D161-48A8-9758-2970D0BA4836}.Debug|Any CPU.Build.0 = Debug|Any CPU
		{CE50B061-D161-48A8-9758-2970D0BA4836}.Debug|x64.ActiveCfg = Debug|Any CPU
		{CE50B061-D161-48A8-9758-2970D0BA4836}.Debug|x64.Build.0 = Debug|Any CPU
		{CE50B061-D161-48A8-9758-2970D0BA4836}.Debug|x86.ActiveCfg = Debug|Any CPU
		{CE50B061-D161-48A8-9758-2970D0BA4836}.Debug|x86.Build.0 = Debug|Any CPU
		{CE50B061-D161-48A8-9758-2970D0BA4836}.Release|Any CPU.ActiveCfg = Release|Any CPU
		{CE50B061-D161-48A8-9758-2970D0BA4836}.Release|Any CPU.Build.0 = Release|Any CPU
		{CE50B061-D161-48A8-9758-2970D0BA4836}.Release|x64.ActiveCfg = Release|Any CPU
		{CE50B061-D161-48A8-9758-2970D0BA4836}.Release|x64.Build.0 = Release|Any CPU
		{CE50B061-D161-48A8-9758-2970D0BA4836}.Release|x86.ActiveCfg = Release|Any CPU
		{CE50B061-D161-48A8-9758-2970D0BA4836}.Release|x86.Build.0 = Release|Any CPU
		{AAD66378-79C1-4550-AFFA-F90AD15B0A8D}.Debug|Any CPU.ActiveCfg = Debug|Any CPU
		{AAD66378-79C1-4550-AFFA-F90AD15B0A8D}.Debug|Any CPU.Build.0 = Debug|Any CPU
		{AAD66378-79C1-4550-AFFA-F90AD15B0A8D}.Debug|x64.ActiveCfg = Debug|Any CPU
		{AAD66378-79C1-4550-AFFA-F90AD15B0A8D}.Debug|x64.Build.0 = Debug|Any CPU
		{AAD66378-79C1-4550-AFFA-F90AD15B0A8D}.Debug|x86.ActiveCfg = Debug|Any CPU
		{AAD66378-79C1-4550-AFFA-F90AD15B0A8D}.Debug|x86.Build.0 = Debug|Any CPU
		{AAD66378-79C1-4550-AFFA-F90AD15B0A8D}.Release|Any CPU.ActiveCfg = Release|Any CPU
		{AAD66378-79C1-4550-AFFA-F90AD15B0A8D}.Release|Any CPU.Build.0 = Release|Any CPU
		{AAD66378-79C1-4550-AFFA-F90AD15B0A8D}.Release|x64.ActiveCfg = Release|Any CPU
		{AAD66378-79C1-4550-AFFA-F90AD15B0A8D}.Release|x64.Build.0 = Release|Any CPU
		{AAD66378-79C1-4550-AFFA-F90AD15B0A8D}.Release|x86.ActiveCfg = Release|Any CPU
		{AAD66378-79C1-4550-AFFA-F90AD15B0A8D}.Release|x86.Build.0 = Release|Any CPU
		{CB1CA01D-E62E-4425-AA54-883C8B251EB3}.Debug|Any CPU.ActiveCfg = Debug|Any CPU
		{CB1CA01D-E62E-4425-AA54-883C8B251EB3}.Debug|Any CPU.Build.0 = Debug|Any CPU
		{CB1CA01D-E62E-4425-AA54-883C8B251EB3}.Debug|x64.ActiveCfg = Debug|Any CPU
		{CB1CA01D-E62E-4425-AA54-883C8B251EB3}.Debug|x64.Build.0 = Debug|Any CPU
		{CB1CA01D-E62E-4425-AA54-883C8B251EB3}.Debug|x86.ActiveCfg = Debug|Any CPU
		{CB1CA01D-E62E-4425-AA54-883C8B251EB3}.Debug|x86.Build.0 = Debug|Any CPU
		{CB1CA01D-E62E-4425-AA54-883C8B251EB3}.Release|Any CPU.ActiveCfg = Release|Any CPU
		{CB1CA01D-E62E-4425-AA54-883C8B251EB3}.Release|Any CPU.Build.0 = Release|Any CPU
		{CB1CA01D-E62E-4425-AA54-883C8B251EB3}.Release|x64.ActiveCfg = Release|Any CPU
		{CB1CA01D-E62E-4425-AA54-883C8B251EB3}.Release|x64.Build.0 = Release|Any CPU
		{CB1CA01D-E62E-4425-AA54-883C8B251EB3}.Release|x86.ActiveCfg = Release|Any CPU
		{CB1CA01D-E62E-4425-AA54-883C8B251EB3}.Release|x86.Build.0 = Release|Any CPU
		{72A1B1F2-F5DE-42F5-BAD7-F18C6E3507B8}.Debug|Any CPU.ActiveCfg = Debug|Any CPU
		{72A1B1F2-F5DE-42F5-BAD7-F18C6E3507B8}.Debug|Any CPU.Build.0 = Debug|Any CPU
		{72A1B1F2-F5DE-42F5-BAD7-F18C6E3507B8}.Debug|x64.ActiveCfg = Debug|Any CPU
		{72A1B1F2-F5DE-42F5-BAD7-F18C6E3507B8}.Debug|x64.Build.0 = Debug|Any CPU
		{72A1B1F2-F5DE-42F5-BAD7-F18C6E3507B8}.Debug|x86.ActiveCfg = Debug|Any CPU
		{72A1B1F2-F5DE-42F5-BAD7-F18C6E3507B8}.Debug|x86.Build.0 = Debug|Any CPU
		{72A1B1F2-F5DE-42F5-BAD7-F18C6E3507B8}.Release|Any CPU.ActiveCfg = Release|Any CPU
		{72A1B1F2-F5DE-42F5-BAD7-F18C6E3507B8}.Release|Any CPU.Build.0 = Release|Any CPU
		{72A1B1F2-F5DE-42F5-BAD7-F18C6E3507B8}.Release|x64.ActiveCfg = Release|Any CPU
		{72A1B1F2-F5DE-42F5-BAD7-F18C6E3507B8}.Release|x64.Build.0 = Release|Any CPU
		{72A1B1F2-F5DE-42F5-BAD7-F18C6E3507B8}.Release|x86.ActiveCfg = Release|Any CPU
		{72A1B1F2-F5DE-42F5-BAD7-F18C6E3507B8}.Release|x86.Build.0 = Release|Any CPU
	EndGlobalSection
	GlobalSection(NestedProjects) = preSolution
		{4C65BD31-6DD1-4508-A195-482C833376A2} = {D16813F3-DCA6-4C41-9380-2B40992411F8}
		{A36D8ADC-8533-42B4-AD3C-F90CD267745A} = {4C65BD31-6DD1-4508-A195-482C833376A2}
		{CE50B061-D161-48A8-9758-2970D0BA4836} = {A36D8ADC-8533-42B4-AD3C-F90CD267745A}
		{C1768533-3E69-4BF6-9F34-0E3461BB055B} = {D16813F3-DCA6-4C41-9380-2B40992411F8}
		{AAD66378-79C1-4550-AFFA-F90AD15B0A8D} = {C1768533-3E69-4BF6-9F34-0E3461BB055B}
		{E05D36D1-B76D-478A-8303-4A895C0A24E8} = {4C65BD31-6DD1-4508-A195-482C833376A2}
		{CB1CA01D-E62E-4425-AA54-883C8B251EB3} = {E05D36D1-B76D-478A-8303-4A895C0A24E8}
		{12ED8FEE-114F-4EBB-9812-CAEB72D375EF} = {D16813F3-DCA6-4C41-9380-2B40992411F8}
		{72A1B1F2-F5DE-42F5-BAD7-F18C6E3507B8} = {12ED8FEE-114F-4EBB-9812-CAEB72D375EF}
	EndGlobalSection
EndGlobal
